
Microsoft Visual Studio Solution File, Format Version 12.00
# Visual Studio Version 17
VisualStudioVersion = 17.14.36221.1
MinimumVisualStudioVersion = 10.0.40219.1
Project("{FAE04EC0-301F-11D3-BF4B-00C04F79EFBC}") = "BL", "BL\BL.csproj", "{11390016-DB6F-4BBC-A2CF-CBE05BBD3A28}"
EndProject
Project("{FAE04EC0-301F-11D3-BF4B-00C04F79EFBC}") = "DAL", "DAL\DAL.csproj", "{F929FBBA-10FD-4C16-AE73-355A3BDB4BE7}"
EndProject
Project("{FAE04EC0-301F-11D3-BF4B-00C04F79EFBC}") = "UI", "UI\UI.csproj", "{BED6BC33-215B-4DD1-9FAC-7CE7E9E4FB2A}"
EndProject
Project("{FAE04EC0-301F-11D3-BF4B-00C04F79EFBC}") = "TestConsole", "TestConsole\TestConsole.csproj", "{2C824DAA-6BF0-4B84-B68F-A53AE5B1B18F}"
EndProject
Global
	GlobalSection(SolutionConfigurationPlatforms) = preSolution
		Debug|Any CPU = Debug|Any CPU
		Release|Any CPU = Release|Any CPU
	EndGlobalSection
	GlobalSection(ProjectConfigurationPlatforms) = postSolution
		{11390016-DB6F-4BBC-A2CF-CBE05BBD3A28}.Debug|Any CPU.ActiveCfg = Debug|Any CPU
		{11390016-DB6F-4BBC-A2CF-CBE05BBD3A28}.Debug|Any CPU.Build.0 = Debug|Any CPU
		{11390016-DB6F-4BBC-A2CF-CBE05BBD3A28}.Release|Any CPU.ActiveCfg = Release|Any CPU
		{11390016-DB6F-4BBC-A2CF-CBE05BBD3A28}.Release|Any CPU.Build.0 = Release|Any CPU
		{F929FBBA-10FD-4C16-AE73-355A3BDB4BE7}.Debug|Any CPU.ActiveCfg = Debug|Any CPU
		{F929FBBA-10FD-4C16-AE73-355A3BDB4BE7}.Debug|Any CPU.Build.0 = Debug|Any CPU
		{F929FBBA-10FD-4C16-AE73-355A3BDB4BE7}.Release|Any CPU.ActiveCfg = Release|Any CPU
		{F929FBBA-10FD-4C16-AE73-355A3BDB4BE7}.Release|Any CPU.Build.0 = Release|Any CPU
		{BED6BC33-215B-4DD1-9FAC-7CE7E9E4FB2A}.Debug|Any CPU.ActiveCfg = Debug|Any CPU
		{BED6BC33-215B-4DD1-9FAC-7CE7E9E4FB2A}.Debug|Any CPU.Build.0 = Debug|Any CPU
		{BED6BC33-215B-4DD1-9FAC-7CE7E9E4FB2A}.Release|Any CPU.ActiveCfg = Release|Any CPU
		{BED6BC33-215B-4DD1-9FAC-7CE7E9E4FB2A}.Release|Any CPU.Build.0 = Release|Any CPU
		{2C824DAA-6BF0-4B84-B68F-A53AE5B1B18F}.Debug|Any CPU.ActiveCfg = Debug|Any CPU
		{2C824DAA-6BF0-4B84-B68F-A53AE5B1B18F}.Debug|Any CPU.Build.0 = Debug|Any CPU
		{2C824DAA-6BF0-4B84-B68F-A53AE5B1B18F}.Release|Any CPU.ActiveCfg = Release|Any CPU
		{2C824DAA-6BF0-4B84-B68F-A53AE5B1B18F}.Release|Any CPU.Build.0 = Release|Any CPU
	EndGlobalSection
	GlobalSection(SolutionProperties) = preSolution
		HideSolutionNode = FALSE
	EndGlobalSection
	GlobalSection(ExtensibilityGlobals) = postSolution
		SolutionGuid = {7D7E041D-7A63-4D42-9398-479219504A8A}
	EndGlobalSection
EndGlobal
